
Microsoft Visual Studio Solution File, Format Version 12.00
# Visual Studio Version 17
VisualStudioVersion = 17.2.32602.215
MinimumVisualStudioVersion = 10.0.40219.1
Project("{FAE04EC0-301F-11D3-BF4B-00C04F79EFBC}") = "ServiceLib", "ServiceLib\ServiceLib.csproj", "{4E5306E5-E00E-4810-BEF2-2EAF70B18FD9}"
EndProject
Project("{FAE04EC0-301F-11D3-BF4B-00C04F79EFBC}") = "Database", "Database\Database.csproj", "{6C52CBB1-FE68-4CE7-A505-0D0E1AB5D257}"
EndProject
Project("{FAE04EC0-301F-11D3-BF4B-00C04F79EFBC}") = "ClassLib", "ClassLib\ClassLib.csproj", "{A8271202-D6C9-4111-AD68-07AE7EC92DED}"
EndProject
Project("{FAE04EC0-301F-11D3-BF4B-00C04F79EFBC}") = "UserInterface", "UserInterface\UserInterface.csproj", "{A0A6F792-6AF6-4A0C-B38C-50022186D700}"
EndProject
Global
	GlobalSection(SolutionConfigurationPlatforms) = preSolution
		Debug|Any CPU = Debug|Any CPU
		Debug|x64 = Debug|x64
		Debug|x86 = Debug|x86
		Release|Any CPU = Release|Any CPU
		Release|x64 = Release|x64
		Release|x86 = Release|x86
	EndGlobalSection
	GlobalSection(ProjectConfigurationPlatforms) = postSolution
		{4E5306E5-E00E-4810-BEF2-2EAF70B18FD9}.Debug|Any CPU.ActiveCfg = Debug|Any CPU
		{4E5306E5-E00E-4810-BEF2-2EAF70B18FD9}.Debug|Any CPU.Build.0 = Debug|Any CPU
		{4E5306E5-E00E-4810-BEF2-2EAF70B18FD9}.Debug|x64.ActiveCfg = Debug|Any CPU
		{4E5306E5-E00E-4810-BEF2-2EAF70B18FD9}.Debug|x64.Build.0 = Debug|Any CPU
		{4E5306E5-E00E-4810-BEF2-2EAF70B18FD9}.Debug|x86.ActiveCfg = Debug|Any CPU
		{4E5306E5-E00E-4810-BEF2-2EAF70B18FD9}.Debug|x86.Build.0 = Debug|Any CPU
		{4E5306E5-E00E-4810-BEF2-2EAF70B18FD9}.Release|Any CPU.ActiveCfg = Release|Any CPU
		{4E5306E5-E00E-4810-BEF2-2EAF70B18FD9}.Release|Any CPU.Build.0 = Release|Any CPU
		{4E5306E5-E00E-4810-BEF2-2EAF70B18FD9}.Release|x64.ActiveCfg = Release|Any CPU
		{4E5306E5-E00E-4810-BEF2-2EAF70B18FD9}.Release|x64.Build.0 = Release|Any CPU
		{4E5306E5-E00E-4810-BEF2-2EAF70B18FD9}.Release|x86.ActiveCfg = Release|Any CPU
		{4E5306E5-E00E-4810-BEF2-2EAF70B18FD9}.Release|x86.Build.0 = Release|Any CPU
		{6C52CBB1-FE68-4CE7-A505-0D0E1AB5D257}.Debug|Any CPU.ActiveCfg = Debug|Any CPU
		{6C52CBB1-FE68-4CE7-A505-0D0E1AB5D257}.Debug|Any CPU.Build.0 = Debug|Any CPU
		{6C52CBB1-FE68-4CE7-A505-0D0E1AB5D257}.Debug|x64.ActiveCfg = Debug|Any CPU
		{6C52CBB1-FE68-4CE7-A505-0D0E1AB5D257}.Debug|x64.Build.0 = Debug|Any CPU
		{6C52CBB1-FE68-4CE7-A505-0D0E1AB5D257}.Debug|x86.ActiveCfg = Debug|Any CPU
		{6C52CBB1-FE68-4CE7-A505-0D0E1AB5D257}.Debug|x86.Build.0 = Debug|Any CPU
		{6C52CBB1-FE68-4CE7-A505-0D0E1AB5D257}.Release|Any CPU.ActiveCfg = Release|Any CPU
		{6C52CBB1-FE68-4CE7-A505-0D0E1AB5D257}.Release|Any CPU.Build.0 = Release|Any CPU
		{6C52CBB1-FE68-4CE7-A505-0D0E1AB5D257}.Release|x64.ActiveCfg = Release|Any CPU
		{6C52CBB1-FE68-4CE7-A505-0D0E1AB5D257}.Release|x64.Build.0 = Release|Any CPU
		{6C52CBB1-FE68-4CE7-A505-0D0E1AB5D257}.Release|x86.ActiveCfg = Release|Any CPU
		{6C52CBB1-FE68-4CE7-A505-0D0E1AB5D257}.Release|x86.Build.0 = Release|Any CPU
		{A8271202-D6C9-4111-AD68-07AE7EC92DED}.Debug|Any CPU.ActiveCfg = Debug|Any CPU
		{A8271202-D6C9-4111-AD68-07AE7EC92DED}.Debug|Any CPU.Build.0 = Debug|Any CPU
		{A8271202-D6C9-4111-AD68-07AE7EC92DED}.Debug|x64.ActiveCfg = Debug|Any CPU
		{A8271202-D6C9-4111-AD68-07AE7EC92DED}.Debug|x64.Build.0 = Debug|Any CPU
		{A8271202-D6C9-4111-AD68-07AE7EC92DED}.Debug|x86.ActiveCfg = Debug|Any CPU
		{A8271202-D6C9-4111-AD68-07AE7EC92DED}.Debug|x86.Build.0 = Debug|Any CPU
		{A8271202-D6C9-4111-AD68-07AE7EC92DED}.Release|Any CPU.ActiveCfg = Release|Any CPU
		{A8271202-D6C9-4111-AD68-07AE7EC92DED}.Release|Any CPU.Build.0 = Release|Any CPU
		{A8271202-D6C9-4111-AD68-07AE7EC92DED}.Release|x64.ActiveCfg = Release|Any CPU
		{A8271202-D6C9-4111-AD68-07AE7EC92DED}.Release|x64.Build.0 = Release|Any CPU
		{A8271202-D6C9-4111-AD68-07AE7EC92DED}.Release|x86.ActiveCfg = Release|Any CPU
		{A8271202-D6C9-4111-AD68-07AE7EC92DED}.Release|x86.Build.0 = Release|Any CPU
		{A0A6F792-6AF6-4A0C-B38C-50022186D700}.Debug|Any CPU.ActiveCfg = Debug|Any CPU
		{A0A6F792-6AF6-4A0C-B38C-50022186D700}.Debug|Any CPU.Build.0 = Debug|Any CPU
		{A0A6F792-6AF6-4A0C-B38C-50022186D700}.Debug|x64.ActiveCfg = Debug|Any CPU
		{A0A6F792-6AF6-4A0C-B38C-50022186D700}.Debug|x64.Build.0 = Debug|Any CPU
		{A0A6F792-6AF6-4A0C-B38C-50022186D700}.Debug|x86.ActiveCfg = Debug|Any CPU
		{A0A6F792-6AF6-4A0C-B38C-50022186D700}.Debug|x86.Build.0 = Debug|Any CPU
		{A0A6F792-6AF6-4A0C-B38C-50022186D700}.Release|Any CPU.ActiveCfg = Release|Any CPU
		{A0A6F792-6AF6-4A0C-B38C-50022186D700}.Release|Any CPU.Build.0 = Release|Any CPU
		{A0A6F792-6AF6-4A0C-B38C-50022186D700}.Release|x64.ActiveCfg = Release|Any CPU
		{A0A6F792-6AF6-4A0C-B38C-50022186D700}.Release|x64.Build.0 = Release|Any CPU
		{A0A6F792-6AF6-4A0C-B38C-50022186D700}.Release|x86.ActiveCfg = Release|Any CPU
		{A0A6F792-6AF6-4A0C-B38C-50022186D700}.Release|x86.Build.0 = Release|Any CPU
	EndGlobalSection
	GlobalSection(SolutionProperties) = preSolution
		HideSolutionNode = FALSE
	EndGlobalSection
	GlobalSection(ExtensibilityGlobals) = postSolution
		SolutionGuid = {45198E0E-545D-422A-90EE-F5F31A44491A}
	EndGlobalSection
EndGlobal
